
Microsoft Visual Studio Solution File, Format Version 12.00
# Visual Studio Version 16
VisualStudioVersion = 16.0.29609.76
MinimumVisualStudioVersion = 10.0.40219.1
Project("{9A19103F-16F7-4668-BE54-9A1E7A4F7556}") = "PerfectXL.EPPlus.UnitTests", "PerfectXL.EPPlus.UnitTests\PerfectXL.EPPlus.UnitTests.csproj", "{D0CD12F7-9456-495E-BE7A-741DF0373E5D}"
EndProject
Project("{9A19103F-16F7-4668-BE54-9A1E7A4F7556}") = "PerfectXL.EPPlus", "PerfectXL.EPPlus\PerfectXL.EPPlus.csproj", "{E9BB326D-F902-4BCA-BBD6-0D07DE30FA59}"
EndProject
Global
	GlobalSection(SolutionConfigurationPlatforms) = preSolution
		Debug|Any CPU = Debug|Any CPU
		Release|Any CPU = Release|Any CPU
	EndGlobalSection
	GlobalSection(ProjectConfigurationPlatforms) = postSolution
		{D0CD12F7-9456-495E-BE7A-741DF0373E5D}.Debug|Any CPU.ActiveCfg = Debug|Any CPU
		{D0CD12F7-9456-495E-BE7A-741DF0373E5D}.Debug|Any CPU.Build.0 = Debug|Any CPU
		{D0CD12F7-9456-495E-BE7A-741DF0373E5D}.Release|Any CPU.ActiveCfg = Release|Any CPU
		{D0CD12F7-9456-495E-BE7A-741DF0373E5D}.Release|Any CPU.Build.0 = Release|Any CPU
		{E9BB326D-F902-4BCA-BBD6-0D07DE30FA59}.Debug|Any CPU.ActiveCfg = Debug|Any CPU
		{E9BB326D-F902-4BCA-BBD6-0D07DE30FA59}.Debug|Any CPU.Build.0 = Debug|Any CPU
		{E9BB326D-F902-4BCA-BBD6-0D07DE30FA59}.Release|Any CPU.ActiveCfg = Release|Any CPU
		{E9BB326D-F902-4BCA-BBD6-0D07DE30FA59}.Release|Any CPU.Build.0 = Release|Any CPU
	EndGlobalSection
	GlobalSection(SolutionProperties) = preSolution
		HideSolutionNode = FALSE
	EndGlobalSection
	GlobalSection(ExtensibilityGlobals) = postSolution
		SolutionGuid = {C73D0F5D-0C5D-4F85-8140-3598595AD2E1}
	EndGlobalSection
EndGlobal
